PODS:
  - LionECS (0.0.2)
  - SwiftLint (0.38.0)

DEPENDENCIES:
  - "LionECS (from `git@github.com:LionGameEngine/LionECS.git`)"
  - SwiftLint

SPEC REPOS:
  trunk:
    - SwiftLint

EXTERNAL SOURCES:
  LionECS:
    :git: "git@github.com:LionGameEngine/LionECS.git"

CHECKOUT OPTIONS:
  LionECS:
    :commit: 16f35977a79e264a93e12528585ca89c5dfacac9
    :git: "git@github.com:LionGameEngine/LionECS.git"

SPEC CHECKSUMS:
  LionECS: b18abdaaa3f616a81ca395bd972bf2281cea6a66
  SwiftLint: 4105f061f9812b214568b736dab580ab2c73a582

PODFILE CHECKSUM: 79a6b90238a1cec3b30ebf2a11ebc8d1b708f904

COCOAPODS: 1.8.4
