// !$*UTF8*$!
{
	archiveVersion = 1;
	classes = {
	};
	objectVersion = 51;
	objects = {

/* Begin PBXBuildFile section */
		087CE691B6C7BC94829F5A72 /* SpriteKitRenderer.swift in Sources */ = {isa = PBXBuildFile; fileRef = 2C53F697DD59E79E8DF884AF /* SpriteKitRenderer.swift */; };
		0A41B2D95599126DA7272C40 /* GameMetal.swift in Sources */ = {isa = PBXBuildFile; fileRef = 9E8193B9A44889AFC5385246 /* GameMetal.swift */; };
		0F14DD301B3719D7DCBC6DEC /* UpdateTransformComponent.swift in Sources */ = {isa = PBXBuildFile; fileRef = 92F270D2E7C285AE70626AD6 /* UpdateTransformComponent.swift */; };
		0F2A79550A491E098C6B7CC5 /* SpriteKitLayerUpdatingSystem.swift in Sources */ = {isa = PBXBuildFile; fileRef = 686379DADB0271FA8D8B8E0F /* SpriteKitLayerUpdatingSystem.swift */; };
		18704504A78C8404602553CD /* SpriteKitGameViewController.swift in Sources */ = {isa = PBXBuildFile; fileRef = 2585A8B289FD92061AA01DB6 /* SpriteKitGameViewController.swift */; };
		1B1D913B436E1CB1A004B466 /* WorldRotationComponent.swift in Sources */ = {isa = PBXBuildFile; fileRef = 32D53BB48767C81FDCC88761 /* WorldRotationComponent.swift */; };
		1CF43F7B51F00399AA09AAF6 /* WorldRotationComponent.swift in Sources */ = {isa = PBXBuildFile; fileRef = 32D53BB48767C81FDCC88761 /* WorldRotationComponent.swift */; };
		1F40000B65B17DE20B5994A6 /* WorldPositionComponent.swift in Sources */ = {isa = PBXBuildFile; fileRef = 3CA3149BAA0D0853D862383F /* WorldPositionComponent.swift */; };
		20CD925E8C1A15C57C1916EE /* WorldPositionComponent.swift in Sources */ = {isa = PBXBuildFile; fileRef = 3CA3149BAA0D0853D862383F /* WorldPositionComponent.swift */; };
		25239BC03621411178A631F7 /* SpriteKitLayerUpdatingSystem.swift in Sources */ = {isa = PBXBuildFile; fileRef = 686379DADB0271FA8D8B8E0F /* SpriteKitLayerUpdatingSystem.swift */; };
		279E5BAAB3D359FE102A0F25 /* AppDelegate.swift in Sources */ = {isa = PBXBuildFile; fileRef = 936B63C6256677AED1463385 /* AppDelegate.swift */; };
		2F7F97947AD33144E100C7AC /* MetalRenderer.swift in Sources */ = {isa = PBXBuildFile; fileRef = C7895CF204861C3408E6A15D /* MetalRenderer.swift */; };
		3246E2C30F5A99C90B3ABCEA /* Pods_LionRenderer2D_tvOS.framework in Frameworks */ = {isa = PBXBuildFile; fileRef = 674C116EF8561D393152C4E5 /* Pods_LionRenderer2D_tvOS.framework */; };
		347488CA691790ADCE9C8ECF /* RenderComponent.swift in Sources */ = {isa = PBXBuildFile; fileRef = 4AB903BE8B1617F4CDD4BAE9 /* RenderComponent.swift */; };
		3820B6B27BD892FE0AB8B98C /* WorldPositionComponent.swift in Sources */ = {isa = PBXBuildFile; fileRef = 3CA3149BAA0D0853D862383F /* WorldPositionComponent.swift */; };
		3F4E7BB4E88CCF9523047E50 /* Pods_LionRenderer2DTests.framework in Frameworks */ = {isa = PBXBuildFile; fileRef = 4C8FEB527A46E7501A304793 /* Pods_LionRenderer2DTests.framework */; };
		536EC6280C0C376FDD9493D4 /* WorldPositionComponent.swift in Sources */ = {isa = PBXBuildFile; fileRef = 3CA3149BAA0D0853D862383F /* WorldPositionComponent.swift */; };
		5378FC78D8FD16141F51CFEB /* LayerComponent.swift in Sources */ = {isa = PBXBuildFile; fileRef = 4CC1D2A604358FD812C54012 /* LayerComponent.swift */; };
		5FF8886B793A1C5A23803B12 /* LionRenderer.h in Headers */ = {isa = PBXBuildFile; fileRef = 6C9CDF07C537239FCE2DC3C7 /* LionRenderer.h */; settings = {ATTRIBUTES = (Public, ); }; };
		616766487E38B89DECABB080 /* WorldRotationComponent.swift in Sources */ = {isa = PBXBuildFile; fileRef = 32D53BB48767C81FDCC88761 /* WorldRotationComponent.swift */; };
		6307E608C179F2E9BA353D35 /* SpriteKitLayerUpdatingSystem.swift in Sources */ = {isa = PBXBuildFile; fileRef = 686379DADB0271FA8D8B8E0F /* SpriteKitLayerUpdatingSystem.swift */; };
		686F650E82162E58E0BDED69 /* PRenderer.swift in Sources */ = {isa = PBXBuildFile; fileRef = 1F181EE8CFEA4D86BB7179B3 /* PRenderer.swift */; };
		69BBF56F25F59F6B9E153E08 /* MetalRenderer.swift in Sources */ = {isa = PBXBuildFile; fileRef = C7895CF204861C3408E6A15D /* MetalRenderer.swift */; };
		6CC6EEB4E7C5BDB729E951C3 /* LionRenderer2D.framework in Embed Frameworks */ = {isa = PBXBuildFile; fileRef = 557E0850B89D47138ED26AF7 /* LionRenderer2D.framework */; settings = {ATTRIBUTES = (CodeSignOnCopy, RemoveHeadersOnCopy, ); }; };
		6DEC0241A53B7DBFEE6B9009 /* PRenderer.swift in Sources */ = {isa = PBXBuildFile; fileRef = 1F181EE8CFEA4D86BB7179B3 /* PRenderer.swift */; };
		722346F3ACAD344E549AFC2B /* Pods_Example.framework in Frameworks */ = {isa = PBXBuildFile; fileRef = 343BABFEB049EE694EE2D763 /* Pods_Example.framework */; };
		75E7DD3912AD1786314B7B2C /* RenderSystem.swift in Sources */ = {isa = PBXBuildFile; fileRef = 3A7975D3B5B065D1C91A6CD0 /* RenderSystem.swift */; };
		79907A9A0BDB519A59F44E10 /* PRenderer.swift in Sources */ = {isa = PBXBuildFile; fileRef = 1F181EE8CFEA4D86BB7179B3 /* PRenderer.swift */; };
		7C6F638D65EA85EF85B533B0 /* Assets.xcassets in Resources */ = {isa = PBXBuildFile; fileRef = F625596807B55254F8384C30 /* Assets.xcassets */; };
		80539678287CCD566DC3E6CE /* LionRenderer.h in Headers */ = {isa = PBXBuildFile; fileRef = 6C9CDF07C537239FCE2DC3C7 /* LionRenderer.h */; settings = {ATTRIBUTES = (Public, ); }; };
		808FDDFBD20D10FAFC895015 /* MetalRenderer.swift in Sources */ = {isa = PBXBuildFile; fileRef = C7895CF204861C3408E6A15D /* MetalRenderer.swift */; };
		83EB9B007436A92ECAE5AF02 /* RenderSystem.swift in Sources */ = {isa = PBXBuildFile; fileRef = 3A7975D3B5B065D1C91A6CD0 /* RenderSystem.swift */; };
		85F5D575F37E5348019FFC27 /* SpriteKitRenderer.swift in Sources */ = {isa = PBXBuildFile; fileRef = 2C53F697DD59E79E8DF884AF /* SpriteKitRenderer.swift */; };
		89A4E57258B6436B2768F005 /* Pods_LionRenderer2D_watchOS.framework in Frameworks */ = {isa = PBXBuildFile; fileRef = A97DACF522B2705BF822A53F /* Pods_LionRenderer2D_watchOS.framework */; };
		906934933576E0E96EAC08D1 /* MetalRenderer.swift in Sources */ = {isa = PBXBuildFile; fileRef = C7895CF204861C3408E6A15D /* MetalRenderer.swift */; };
		923635941B99B21365E7C2DB /* UpdateTransformSystem.swift in Sources */ = {isa = PBXBuildFile; fileRef = CB44646B686C029E3461C233 /* UpdateTransformSystem.swift */; };
		92FE996C7DDE532C73836EC0 /* SpriteKitLayerUpdatingSystem.swift in Sources */ = {isa = PBXBuildFile; fileRef = 686379DADB0271FA8D8B8E0F /* SpriteKitLayerUpdatingSystem.swift */; };
		93F3DD90D0BD8E8DB54B52EF /* LayerComponent.swift in Sources */ = {isa = PBXBuildFile; fileRef = 4CC1D2A604358FD812C54012 /* LayerComponent.swift */; };
		993689C075DC823468388261 /* Pods_LionRenderer2D_iOS.framework in Frameworks */ = {isa = PBXBuildFile; fileRef = FB4A386F9315C501A42B122F /* Pods_LionRenderer2D_iOS.framework */; };
		9C54EBEA2298A5020038BFDB /* LionRenderer.h in Headers */ = {isa = PBXBuildFile; fileRef = 6C9CDF07C537239FCE2DC3C7 /* LionRenderer.h */; settings = {ATTRIBUTES = (Public, ); }; };
		9FCDA59195087503B62F4F4D /* RenderComponent.swift in Sources */ = {isa = PBXBuildFile; fileRef = 4AB903BE8B1617F4CDD4BAE9 /* RenderComponent.swift */; };
		A91D7BA17BFF9168BE852FB1 /* LionRenderer.h in Headers */ = {isa = PBXBuildFile; fileRef = 6C9CDF07C537239FCE2DC3C7 /* LionRenderer.h */; settings = {ATTRIBUTES = (Public, ); }; };
		AA0DA265107A24376F71BC12 /* LionRenderer2D.framework in Frameworks */ = {isa = PBXBuildFile; fileRef = 557E0850B89D47138ED26AF7 /* LionRenderer2D.framework */; };
		B330829C76A4FA1BBD178507 /* RenderSystem.swift in Sources */ = {isa = PBXBuildFile; fileRef = 3A7975D3B5B065D1C91A6CD0 /* RenderSystem.swift */; };
		C41541C07C8241C600791E7F /* RenderSystem.swift in Sources */ = {isa = PBXBuildFile; fileRef = 3A7975D3B5B065D1C91A6CD0 /* RenderSystem.swift */; };
		C590D1F683BAF067FD6CCC37 /* WorldRotationComponent.swift in Sources */ = {isa = PBXBuildFile; fileRef = 32D53BB48767C81FDCC88761 /* WorldRotationComponent.swift */; };
		CB5D57EFEA6EFE488C55449A /* GameSpriteKit.swift in Sources */ = {isa = PBXBuildFile; fileRef = EFDE2CCA5E956F8CFD11A22D /* GameSpriteKit.swift */; };
		CBC24CAC6979978E89E61EBB /* LayerComponent.swift in Sources */ = {isa = PBXBuildFile; fileRef = 4CC1D2A604358FD812C54012 /* LayerComponent.swift */; };
		D283E705AC19FA4F28CA8F53 /* RenderComponent.swift in Sources */ = {isa = PBXBuildFile; fileRef = 4AB903BE8B1617F4CDD4BAE9 /* RenderComponent.swift */; };
		DCDB5B54095FC4CB78D64F6B /* LayerComponent.swift in Sources */ = {isa = PBXBuildFile; fileRef = 4CC1D2A604358FD812C54012 /* LayerComponent.swift */; };
		DCE4E9B0E779308F93CFF041 /* Main.storyboard in Resources */ = {isa = PBXBuildFile; fileRef = 661401FF03A1D6624D9A83F0 /* Main.storyboard */; };
		E1A72FD444F502A4A47FED7B /* MetalGameViewController.swift in Sources */ = {isa = PBXBuildFile; fileRef = 3D7057B2E1D9821D48C10AC1 /* MetalGameViewController.swift */; };
		E2CCACEC478C03C34E72B976 /* SpriteKitRenderer.swift in Sources */ = {isa = PBXBuildFile; fileRef = 2C53F697DD59E79E8DF884AF /* SpriteKitRenderer.swift */; };
		ED295A7E7B60B2CC262FC05B /* Pods_LionRenderer2D_macOS.framework in Frameworks */ = {isa = PBXBuildFile; fileRef = 1C26168F677E8A2CDB728688 /* Pods_LionRenderer2D_macOS.framework */; };
		EEFEE39E580C58FFBF4F8CB2 /* LionRenderer2D.framework in Frameworks */ = {isa = PBXBuildFile; fileRef = 557E0850B89D47138ED26AF7 /* LionRenderer2D.framework */; };
		F00E64ACFD734E80AD5CCA5A /* PRenderer.swift in Sources */ = {isa = PBXBuildFile; fileRef = 1F181EE8CFEA4D86BB7179B3 /* PRenderer.swift */; };
		F33D64E585F8B191BF4B128E /* SpriteKitRenderer.swift in Sources */ = {isa = PBXBuildFile; fileRef = 2C53F697DD59E79E8DF884AF /* SpriteKitRenderer.swift */; };
		F7D2C1769574F4AFC814CAD6 /* RenderComponent.swift in Sources */ = {isa = PBXBuildFile; fileRef = 4AB903BE8B1617F4CDD4BAE9 /* RenderComponent.swift */; };
		FD3180E2375DC61F98FFFB3C /* LionRenderer2D.framework in Embed Frameworks */ = {isa = PBXBuildFile; fileRef = 557E0850B89D47138ED26AF7 /* LionRenderer2D.framework */; settings = {ATTRIBUTES = (CodeSignOnCopy, RemoveHeadersOnCopy, ); }; };
/* End PBXBuildFile section */

/* Begin PBXContainerItemProxy section */
		0DF8D30E5D01837F7DC02158 /* PBXContainerItemProxy */ = {
			isa = PBXContainerItemProxy;
			containerPortal = D549F2401A05D57DCBA99C6A /* Project object */;
			proxyType = 1;
			remoteGlobalIDString = E915E69AF4BF1961450498EC;
			remoteInfo = LionRenderer2D_macOS;
		};
		8874EE3D508BE804F4FA7CB4 /* PBXContainerItemProxy */ = {
			isa = PBXContainerItemProxy;
			containerPortal = D549F2401A05D57DCBA99C6A /* Project object */;
			proxyType = 1;
			remoteGlobalIDString = E915E69AF4BF1961450498EC;
			remoteInfo = LionRenderer2D_macOS;
		};
/* End PBXContainerItemProxy section */

/* Begin PBXCopyFilesBuildPhase section */
		07AC4A666339CE742121B9D4 /* Embed Frameworks */ = {
			isa = PBXCopyFilesBuildPhase;
			buildActionMask = 2147483647;
			dstPath = "";
			dstSubfolderSpec = 10;
			files = (
				FD3180E2375DC61F98FFFB3C /* LionRenderer2D.framework in Embed Frameworks */,
			);
			name = "Embed Frameworks";
			runOnlyForDeploymentPostprocessing = 0;
		};
		5C473D2B82DBF832A3791D81 /* Embed Frameworks */ = {
			isa = PBXCopyFilesBuildPhase;
			buildActionMask = 2147483647;
			dstPath = "";
			dstSubfolderSpec = 10;
			files = (
				6CC6EEB4E7C5BDB729E951C3 /* LionRenderer2D.framework in Embed Frameworks */,
			);
			name = "Embed Frameworks";
			runOnlyForDeploymentPostprocessing = 0;
		};
/* End PBXCopyFilesBuildPhase section */

/* Begin PBXFileReference section */
		0C95F7F8EA995DF85671E74E /* Pods-LionRenderer2D_iOS.debug.xcconfig */ = {isa = PBXFileReference; includeInIndex = 1; lastKnownFileType = text.xcconfig; name = "Pods-LionRenderer2D_iOS.debug.xcconfig"; path = "Target Support Files/Pods-LionRenderer2D_iOS/Pods-LionRenderer2D_iOS.debug.xcconfig"; sourceTree = "<group>"; };
		13B117C1581B7C4441B2592A /* Pods-LionRenderer2D_macOS.release.xcconfig */ = {isa = PBXFileReference; includeInIndex = 1; lastKnownFileType = text.xcconfig; name = "Pods-LionRenderer2D_macOS.release.xcconfig"; path = "Target Support Files/Pods-LionRenderer2D_macOS/Pods-LionRenderer2D_macOS.release.xcconfig"; sourceTree = "<group>"; };
		1C26168F677E8A2CDB728688 /* Pods_LionRenderer2D_macOS.framework */ = {isa = PBXFileReference; explicitFileType = wrapper.framework; includeInIndex = 0; path = Pods_LionRenderer2D_macOS.framework; sourceTree = BUILT_PRODUCTS_DIR; };
		1F181EE8CFEA4D86BB7179B3 /* PRenderer.swift */ = {isa = PBXFileReference; lastKnownFileType = sourcecode.swift; path = PRenderer.swift; sourceTree = "<group>"; };
		22A3B2B40BAE472A8A98FCB9 /* Release.xcconfig */ = {isa = PBXFileReference; lastKnownFileType = text.xcconfig; path = Release.xcconfig; sourceTree = "<group>"; };
		2585A8B289FD92061AA01DB6 /* SpriteKitGameViewController.swift */ = {isa = PBXFileReference; lastKnownFileType = sourcecode.swift; path = SpriteKitGameViewController.swift; sourceTree = "<group>"; };
		28D020022F33B20AF2EB4472 /* LionRenderer2D.framework */ = {isa = PBXFileReference; explicitFileType = wrapper.framework; includeInIndex = 0; path = LionRenderer2D.framework; sourceTree = BUILT_PRODUCTS_DIR; };
		2C53F697DD59E79E8DF884AF /* SpriteKitRenderer.swift */ = {isa = PBXFileReference; lastKnownFileType = sourcecode.swift; path = SpriteKitRenderer.swift; sourceTree = "<group>"; };
		32D53BB48767C81FDCC88761 /* WorldRotationComponent.swift */ = {isa = PBXFileReference; lastKnownFileType = sourcecode.swift; path = WorldRotationComponent.swift; sourceTree = "<group>"; };
		343BABFEB049EE694EE2D763 /* Pods_Example.framework */ = {isa = PBXFileReference; explicitFileType = wrapper.framework; includeInIndex = 0; path = Pods_Example.framework; sourceTree = BUILT_PRODUCTS_DIR; };
		3A7975D3B5B065D1C91A6CD0 /* RenderSystem.swift */ = {isa = PBXFileReference; lastKnownFileType = sourcecode.swift; path = RenderSystem.swift; sourceTree = "<group>"; };
		3CA3149BAA0D0853D862383F /* WorldPositionComponent.swift */ = {isa = PBXFileReference; lastKnownFileType = sourcecode.swift; path = WorldPositionComponent.swift; sourceTree = "<group>"; };
		3D7057B2E1D9821D48C10AC1 /* MetalGameViewController.swift */ = {isa = PBXFileReference; lastKnownFileType = sourcecode.swift; path = MetalGameViewController.swift; sourceTree = "<group>"; };
		44074C20B69158AAC8B31BD3 /* Pods-Example.release.xcconfig */ = {isa = PBXFileReference; includeInIndex = 1; lastKnownFileType = text.xcconfig; name = "Pods-Example.release.xcconfig"; path = "Target Support Files/Pods-Example/Pods-Example.release.xcconfig"; sourceTree = "<group>"; };
		44EB3F5B8D8DB7566B0AB055 /* Pods-LionRenderer2D_iOS.release.xcconfig */ = {isa = PBXFileReference; includeInIndex = 1; lastKnownFileType = text.xcconfig; name = "Pods-LionRenderer2D_iOS.release.xcconfig"; path = "Target Support Files/Pods-LionRenderer2D_iOS/Pods-LionRenderer2D_iOS.release.xcconfig"; sourceTree = "<group>"; };
		4AB903BE8B1617F4CDD4BAE9 /* RenderComponent.swift */ = {isa = PBXFileReference; lastKnownFileType = sourcecode.swift; path = RenderComponent.swift; sourceTree = "<group>"; };
		4C8FEB527A46E7501A304793 /* Pods_LionRenderer2DTests.framework */ = {isa = PBXFileReference; explicitFileType = wrapper.framework; includeInIndex = 0; path = Pods_LionRenderer2DTests.framework; sourceTree = BUILT_PRODUCTS_DIR; };
		4CC1D2A604358FD812C54012 /* LayerComponent.swift */ = {isa = PBXFileReference; lastKnownFileType = sourcecode.swift; path = LayerComponent.swift; sourceTree = "<group>"; };
		557E0850B89D47138ED26AF7 /* LionRenderer2D.framework */ = {isa = PBXFileReference; explicitFileType = wrapper.framework; includeInIndex = 0; path = LionRenderer2D.framework; sourceTree = BUILT_PRODUCTS_DIR; };
		5D5AA7FC913927359996E236 /* Base */ = {isa = PBXFileReference; lastKnownFileType = file.storyboard; name = Base; path = Base.lproj/Main.storyboard; sourceTree = "<group>"; };
		64BCC6A1369DD21DB98894A9 /* Package.swift */ = {isa = PBXFileReference; lastKnownFileType = sourcecode.swift; path = Package.swift; sourceTree = "<group>"; };
		674C116EF8561D393152C4E5 /* Pods_LionRenderer2D_tvOS.framework */ = {isa = PBXFileReference; explicitFileType = wrapper.framework; includeInIndex = 0; path = Pods_LionRenderer2D_tvOS.framework; sourceTree = BUILT_PRODUCTS_DIR; };
		686379DADB0271FA8D8B8E0F /* SpriteKitLayerUpdatingSystem.swift */ = {isa = PBXFileReference; lastKnownFileType = sourcecode.swift; path = SpriteKitLayerUpdatingSystem.swift; sourceTree = "<group>"; };
		6BD5B8DFAA2AFEA0E2723C17 /* Debug.xcconfig */ = {isa = PBXFileReference; lastKnownFileType = text.xcconfig; path = Debug.xcconfig; sourceTree = "<group>"; };
		6C9CDF07C537239FCE2DC3C7 /* LionRenderer.h */ = {isa = PBXFileReference; lastKnownFileType = sourcecode.c.h; path = LionRenderer.h; sourceTree = "<group>"; };
		743F60AE3E8DAC085440A6F7 /* Example.app */ = {isa = PBXFileReference; explicitFileType = wrapper.application; includeInIndex = 0; path = Example.app; sourceTree = BUILT_PRODUCTS_DIR; };
		7AC67AE87785D27C332ED6B8 /* Info.plist */ = {isa = PBXFileReference; lastKnownFileType = text.plist; path = Info.plist; sourceTree = "<group>"; };
		86A0660CCFF66EACE86C3A47 /* Info.plist */ = {isa = PBXFileReference; lastKnownFileType = text.plist; path = Info.plist; sourceTree = "<group>"; };
		89467B1C577A3D957011740E /* Pods-LionRenderer2D_watchOS.debug.xcconfig */ = {isa = PBXFileReference; includeInIndex = 1; lastKnownFileType = text.xcconfig; name = "Pods-LionRenderer2D_watchOS.debug.xcconfig"; path = "Target Support Files/Pods-LionRenderer2D_watchOS/Pods-LionRenderer2D_watchOS.debug.xcconfig"; sourceTree = "<group>"; };
		92F270D2E7C285AE70626AD6 /* UpdateTransformComponent.swift */ = {isa = PBXFileReference; lastKnownFileType = sourcecode.swift; path = UpdateTransformComponent.swift; sourceTree = "<group>"; };
		936B63C6256677AED1463385 /* AppDelegate.swift */ = {isa = PBXFileReference; lastKnownFileType = sourcecode.swift; path = AppDelegate.swift; sourceTree = "<group>"; };
		94114030B1CB3180C435FF89 /* Pods-LionRenderer2DTests.debug.xcconfig */ = {isa = PBXFileReference; includeInIndex = 1; lastKnownFileType = text.xcconfig; name = "Pods-LionRenderer2DTests.debug.xcconfig"; path = "Target Support Files/Pods-LionRenderer2DTests/Pods-LionRenderer2DTests.debug.xcconfig"; sourceTree = "<group>"; };
		9504489CD9650B89F7DF0399 /* Pods-LionRenderer2D_tvOS.debug.xcconfig */ = {isa = PBXFileReference; includeInIndex = 1; lastKnownFileType = text.xcconfig; name = "Pods-LionRenderer2D_tvOS.debug.xcconfig"; path = "Target Support Files/Pods-LionRenderer2D_tvOS/Pods-LionRenderer2D_tvOS.debug.xcconfig"; sourceTree = "<group>"; };
		9D2824B590BB7DF487C1BFED /* Pods-LionRenderer2D_watchOS.release.xcconfig */ = {isa = PBXFileReference; includeInIndex = 1; lastKnownFileType = text.xcconfig; name = "Pods-LionRenderer2D_watchOS.release.xcconfig"; path = "Target Support Files/Pods-LionRenderer2D_watchOS/Pods-LionRenderer2D_watchOS.release.xcconfig"; sourceTree = "<group>"; };
		9E8193B9A44889AFC5385246 /* GameMetal.swift */ = {isa = PBXFileReference; lastKnownFileType = sourcecode.swift; path = GameMetal.swift; sourceTree = "<group>"; };
		A0B7DE7EC8B527D589B4DD0D /* Example.entitlements */ = {isa = PBXFileReference; lastKnownFileType = text.plist.entitlements; path = Example.entitlements; sourceTree = "<group>"; };
		A97DACF522B2705BF822A53F /* Pods_LionRenderer2D_watchOS.framework */ = {isa = PBXFileReference; explicitFileType = wrapper.framework; includeInIndex = 0; path = Pods_LionRenderer2D_watchOS.framework; sourceTree = BUILT_PRODUCTS_DIR; };
		ADC461F430E8A87275098CAB /* LionRenderer2DTests.xctest */ = {isa = PBXFileReference; explicitFileType = wrapper.cfbundle; includeInIndex = 0; path = LionRenderer2DTests.xctest; sourceTree = BUILT_PRODUCTS_DIR; };
		AF236D5D6CEB63BF2211EB5A /* LionRenderer2D.framework */ = {isa = PBXFileReference; explicitFileType = wrapper.framework; includeInIndex = 0; path = LionRenderer2D.framework; sourceTree = BUILT_PRODUCTS_DIR; };
		B5EDC516F7EC6CC18DB76B59 /* LionRenderer2D.framework */ = {isa = PBXFileReference; explicitFileType = wrapper.framework; includeInIndex = 0; path = LionRenderer2D.framework; sourceTree = BUILT_PRODUCTS_DIR; };
		B5FEFBE481579E7C621B4CCD /* Pods-LionRenderer2DTests.release.xcconfig */ = {isa = PBXFileReference; includeInIndex = 1; lastKnownFileType = text.xcconfig; name = "Pods-LionRenderer2DTests.release.xcconfig"; path = "Target Support Files/Pods-LionRenderer2DTests/Pods-LionRenderer2DTests.release.xcconfig"; sourceTree = "<group>"; };
		C7895CF204861C3408E6A15D /* MetalRenderer.swift */ = {isa = PBXFileReference; lastKnownFileType = sourcecode.swift; path = MetalRenderer.swift; sourceTree = "<group>"; };
		CB44646B686C029E3461C233 /* UpdateTransformSystem.swift */ = {isa = PBXFileReference; lastKnownFileType = sourcecode.swift; path = UpdateTransformSystem.swift; sourceTree = "<group>"; };
		D5BFA27036E22ADCE638D3E4 /* Pods-LionRenderer2D_tvOS.release.xcconfig */ = {isa = PBXFileReference; includeInIndex = 1; lastKnownFileType = text.xcconfig; name = "Pods-LionRenderer2D_tvOS.release.xcconfig"; path = "Target Support Files/Pods-LionRenderer2D_tvOS/Pods-LionRenderer2D_tvOS.release.xcconfig"; sourceTree = "<group>"; };
		D5E8D11E2052D914D86CF683 /* Pods-LionRenderer2D_macOS.debug.xcconfig */ = {isa = PBXFileReference; includeInIndex = 1; lastKnownFileType = text.xcconfig; name = "Pods-LionRenderer2D_macOS.debug.xcconfig"; path = "Target Support Files/Pods-LionRenderer2D_macOS/Pods-LionRenderer2D_macOS.debug.xcconfig"; sourceTree = "<group>"; };
		D64063CEEDEEC8C78F8EC40F /* Pods-Example.debug.xcconfig */ = {isa = PBXFileReference; includeInIndex = 1; lastKnownFileType = text.xcconfig; name = "Pods-Example.debug.xcconfig"; path = "Target Support Files/Pods-Example/Pods-Example.debug.xcconfig"; sourceTree = "<group>"; };
		EFDE2CCA5E956F8CFD11A22D /* GameSpriteKit.swift */ = {isa = PBXFileReference; lastKnownFileType = sourcecode.swift; path = GameSpriteKit.swift; sourceTree = "<group>"; };
		F625596807B55254F8384C30 /* Assets.xcassets */ = {isa = PBXFileReference; lastKnownFileType = folder.assetcatalog; path = Assets.xcassets; sourceTree = "<group>"; };
		FB4A386F9315C501A42B122F /* Pods_LionRenderer2D_iOS.framework */ = {isa = PBXFileReference; explicitFileType = wrapper.framework; includeInIndex = 0; path = Pods_LionRenderer2D_iOS.framework; sourceTree = BUILT_PRODUCTS_DIR; };
		FD23433706AB99F0F2ABEDD8 /* Common.xcconfig */ = {isa = PBXFileReference; lastKnownFileType = text.xcconfig; path = Common.xcconfig; sourceTree = "<group>"; };
/* End PBXFileReference section */

/* Begin PBXFrameworksBuildPhase section */
		70933D2149761153C3E4BED2 /* Frameworks */ = {
			isa = PBXFrameworksBuildPhase;
			buildActionMask = 2147483647;
			files = (
				993689C075DC823468388261 /* Pods_LionRenderer2D_iOS.framework in Frameworks */,
			);
			runOnlyForDeploymentPostprocessing = 0;
		};
		7B612C6DB172BF31C23E311C /* Frameworks */ = {
			isa = PBXFrameworksBuildPhase;
			buildActionMask = 2147483647;
			files = (
				ED295A7E7B60B2CC262FC05B /* Pods_LionRenderer2D_macOS.framework in Frameworks */,
			);
			runOnlyForDeploymentPostprocessing = 0;
		};
		95E9EA865AD5D618EAF0FC48 /* Frameworks */ = {
			isa = PBXFrameworksBuildPhase;
			buildActionMask = 2147483647;
			files = (
				89A4E57258B6436B2768F005 /* Pods_LionRenderer2D_watchOS.framework in Frameworks */,
			);
			runOnlyForDeploymentPostprocessing = 0;
		};
		9BA4D1A0C05F75C9B5676BFD /* Frameworks */ = {
			isa = PBXFrameworksBuildPhase;
			buildActionMask = 2147483647;
			files = (
				3246E2C30F5A99C90B3ABCEA /* Pods_LionRenderer2D_tvOS.framework in Frameworks */,
			);
			runOnlyForDeploymentPostprocessing = 0;
		};
		A452004F387F3209094487D6 /* Frameworks */ = {
			isa = PBXFrameworksBuildPhase;
			buildActionMask = 2147483647;
			files = (
				AA0DA265107A24376F71BC12 /* LionRenderer2D.framework in Frameworks */,
				3F4E7BB4E88CCF9523047E50 /* Pods_LionRenderer2DTests.framework in Frameworks */,
			);
			runOnlyForDeploymentPostprocessing = 0;
		};
		C472BB8A9C98FEFC4CDB99B7 /* Frameworks */ = {
			isa = PBXFrameworksBuildPhase;
			buildActionMask = 2147483647;
			files = (
				EEFEE39E580C58FFBF4F8CB2 /* LionRenderer2D.framework in Frameworks */,
				722346F3ACAD344E549AFC2B /* Pods_Example.framework in Frameworks */,
			);
			runOnlyForDeploymentPostprocessing = 0;
		};
/* End PBXFrameworksBuildPhase section */

/* Begin PBXGroup section */
		1AF514568227ED5CE043A2D9 /* Products */ = {
			isa = PBXGroup;
			children = (
				743F60AE3E8DAC085440A6F7 /* Example.app */,
				AF236D5D6CEB63BF2211EB5A /* LionRenderer2D.framework */,
				557E0850B89D47138ED26AF7 /* LionRenderer2D.framework */,
				28D020022F33B20AF2EB4472 /* LionRenderer2D.framework */,
				B5EDC516F7EC6CC18DB76B59 /* LionRenderer2D.framework */,
				ADC461F430E8A87275098CAB /* LionRenderer2DTests.xctest */,
			);
			name = Products;
			sourceTree = "<group>";
		};
		4ADE1E3B7079285058FC0306 /* Frameworks */ = {
			isa = PBXGroup;
			children = (
				343BABFEB049EE694EE2D763 /* Pods_Example.framework */,
				4C8FEB527A46E7501A304793 /* Pods_LionRenderer2DTests.framework */,
				FB4A386F9315C501A42B122F /* Pods_LionRenderer2D_iOS.framework */,
				1C26168F677E8A2CDB728688 /* Pods_LionRenderer2D_macOS.framework */,
				674C116EF8561D393152C4E5 /* Pods_LionRenderer2D_tvOS.framework */,
				A97DACF522B2705BF822A53F /* Pods_LionRenderer2D_watchOS.framework */,
			);
			name = Frameworks;
			sourceTree = "<group>";
		};
		4B612413EDFA0ED9212A9CBA = {
			isa = PBXGroup;
			children = (
				CCAE46EE99A2D4C20E9E2F38 /* Configurations */,
				C78006B54CEE2D1360D145A6 /* Example */,
				85ED4CEE14AE7EBD66C6B7E3 /* ExampleCommon */,
				8858B5CFE8ED113E7675D99B /* LionRenderer2D */,
				8DC4F1F34FDBB8D187800C0F /* LionRenderer2DTests */,
				64BCC6A1369DD21DB98894A9 /* Package.swift */,
				1AF514568227ED5CE043A2D9 /* Products */,
				E4A7C6460A5DD300BC0B7D72 /* Pods */,
				4ADE1E3B7079285058FC0306 /* Frameworks */,
			);
			sourceTree = "<group>";
		};
		5C5D4C1E6FD8E8783DF2C04D /* Rendering */ = {
			isa = PBXGroup;
			children = (
				691D9B613D004578267B9657 /* Common */,
				B93601C65299279278DA5FDC /* Metal */,
				F4E029A7265C5E81806B6AA5 /* SpriteKit */,
			);
			path = Rendering;
			sourceTree = "<group>";
		};
		691D9B613D004578267B9657 /* Common */ = {
			isa = PBXGroup;
			children = (
				1F181EE8CFEA4D86BB7179B3 /* PRenderer.swift */,
				4AB903BE8B1617F4CDD4BAE9 /* RenderComponent.swift */,
				3A7975D3B5B065D1C91A6CD0 /* RenderSystem.swift */,
			);
			path = Common;
			sourceTree = "<group>";
		};
		85ED4CEE14AE7EBD66C6B7E3 /* ExampleCommon */ = {
			isa = PBXGroup;
			children = (
				9E8193B9A44889AFC5385246 /* GameMetal.swift */,
				EFDE2CCA5E956F8CFD11A22D /* GameSpriteKit.swift */,
				92F270D2E7C285AE70626AD6 /* UpdateTransformComponent.swift */,
				CB44646B686C029E3461C233 /* UpdateTransformSystem.swift */,
			);
			path = ExampleCommon;
			sourceTree = "<group>";
		};
		8858B5CFE8ED113E7675D99B /* LionRenderer2D */ = {
			isa = PBXGroup;
			children = (
				5C5D4C1E6FD8E8783DF2C04D /* Rendering */,
				AFFE2E30D15598AF8F75C9EF /* Transforms */,
				86A0660CCFF66EACE86C3A47 /* Info.plist */,
				6C9CDF07C537239FCE2DC3C7 /* LionRenderer.h */,
			);
			path = LionRenderer2D;
			sourceTree = "<group>";
		};
		8DC4F1F34FDBB8D187800C0F /* LionRenderer2DTests */ = {
			isa = PBXGroup;
			children = (
			);
			path = LionRenderer2DTests;
			sourceTree = "<group>";
		};
		AFFE2E30D15598AF8F75C9EF /* Transforms */ = {
			isa = PBXGroup;
			children = (
				4CC1D2A604358FD812C54012 /* LayerComponent.swift */,
				3CA3149BAA0D0853D862383F /* WorldPositionComponent.swift */,
				32D53BB48767C81FDCC88761 /* WorldRotationComponent.swift */,
			);
			path = Transforms;
			sourceTree = "<group>";
		};
		B93601C65299279278DA5FDC /* Metal */ = {
			isa = PBXGroup;
			children = (
				C7895CF204861C3408E6A15D /* MetalRenderer.swift */,
			);
			path = Metal;
			sourceTree = "<group>";
		};
		C78006B54CEE2D1360D145A6 /* Example */ = {
			isa = PBXGroup;
			children = (
				936B63C6256677AED1463385 /* AppDelegate.swift */,
				F625596807B55254F8384C30 /* Assets.xcassets */,
				A0B7DE7EC8B527D589B4DD0D /* Example.entitlements */,
				7AC67AE87785D27C332ED6B8 /* Info.plist */,
				661401FF03A1D6624D9A83F0 /* Main.storyboard */,
				3D7057B2E1D9821D48C10AC1 /* MetalGameViewController.swift */,
				2585A8B289FD92061AA01DB6 /* SpriteKitGameViewController.swift */,
			);
			path = Example;
			sourceTree = "<group>";
		};
		CCAE46EE99A2D4C20E9E2F38 /* Configurations */ = {
			isa = PBXGroup;
			children = (
				FD23433706AB99F0F2ABEDD8 /* Common.xcconfig */,
				6BD5B8DFAA2AFEA0E2723C17 /* Debug.xcconfig */,
				22A3B2B40BAE472A8A98FCB9 /* Release.xcconfig */,
			);
			path = Configurations;
			sourceTree = "<group>";
		};
		E4A7C6460A5DD300BC0B7D72 /* Pods */ = {
			isa = PBXGroup;
			children = (
				D64063CEEDEEC8C78F8EC40F /* Pods-Example.debug.xcconfig */,
				44074C20B69158AAC8B31BD3 /* Pods-Example.release.xcconfig */,
				94114030B1CB3180C435FF89 /* Pods-LionRenderer2DTests.debug.xcconfig */,
				B5FEFBE481579E7C621B4CCD /* Pods-LionRenderer2DTests.release.xcconfig */,
				0C95F7F8EA995DF85671E74E /* Pods-LionRenderer2D_iOS.debug.xcconfig */,
				44EB3F5B8D8DB7566B0AB055 /* Pods-LionRenderer2D_iOS.release.xcconfig */,
				D5E8D11E2052D914D86CF683 /* Pods-LionRenderer2D_macOS.debug.xcconfig */,
				13B117C1581B7C4441B2592A /* Pods-LionRenderer2D_macOS.release.xcconfig */,
				9504489CD9650B89F7DF0399 /* Pods-LionRenderer2D_tvOS.debug.xcconfig */,
				D5BFA27036E22ADCE638D3E4 /* Pods-LionRenderer2D_tvOS.release.xcconfig */,
				89467B1C577A3D957011740E /* Pods-LionRenderer2D_watchOS.debug.xcconfig */,
				9D2824B590BB7DF487C1BFED /* Pods-LionRenderer2D_watchOS.release.xcconfig */,
			);
			name = Pods;
			path = Pods;
			sourceTree = "<group>";
		};
		F4E029A7265C5E81806B6AA5 /* SpriteKit */ = {
			isa = PBXGroup;
			children = (
				686379DADB0271FA8D8B8E0F /* SpriteKitLayerUpdatingSystem.swift */,
				2C53F697DD59E79E8DF884AF /* SpriteKitRenderer.swift */,
			);
			path = SpriteKit;
			sourceTree = "<group>";
		};
/* End PBXGroup section */

/* Begin PBXHeadersBuildPhase section */
		5E009DFC2F83525295A3173F /* Headers */ = {
			isa = PBXHeadersBuildPhase;
			buildActionMask = 2147483647;
			files = (
				80539678287CCD566DC3E6CE /* LionRenderer.h in Headers */,
			);
			runOnlyForDeploymentPostprocessing = 0;
		};
		A26C330382A2F24072EC455A /* Headers */ = {
			isa = PBXHeadersBuildPhase;
			buildActionMask = 2147483647;
			files = (
				A91D7BA17BFF9168BE852FB1 /* LionRenderer.h in Headers */,
			);
			runOnlyForDeploymentPostprocessing = 0;
		};
		BEB09DF14A7C6052738FFAB3 /* Headers */ = {
			isa = PBXHeadersBuildPhase;
			buildActionMask = 2147483647;
			files = (
				5FF8886B793A1C5A23803B12 /* LionRenderer.h in Headers */,
			);
			runOnlyForDeploymentPostprocessing = 0;
		};
		C8E706E131323C570971195D /* Headers */ = {
			isa = PBXHeadersBuildPhase;
			buildActionMask = 2147483647;
			files = (
				9C54EBEA2298A5020038BFDB /* LionRenderer.h in Headers */,
			);
			runOnlyForDeploymentPostprocessing = 0;
		};
/* End PBXHeadersBuildPhase section */

/* Begin PBXNativeTarget section */
		005EA493CDCA8ACE61FF1A90 /* Example */ = {
			isa = PBXNativeTarget;
			buildConfigurationList = F6553A2E0FAACFC9CD81595F /* Build configuration list for PBXNativeTarget "Example" */;
			buildPhases = (
				B285CBD9813016B8A347B857 /* [CP] Check Pods Manifest.lock */,
				9878D4A380745DC04D2E7ADB /* Sources */,
				A0E85BAD4D7C29DA02E111C0 /* Resources */,
				C472BB8A9C98FEFC4CDB99B7 /* Frameworks */,
				07AC4A666339CE742121B9D4 /* Embed Frameworks */,
				73FC5B2305E48CA1B20FF26A /* SwiftLint */,
				7F8C431B1F6A36384C5FE8C0 /* [CP] Embed Pods Frameworks */,
			);
			buildRules = (
			);
			dependencies = (
				52B10BC541502C5736576C91 /* PBXTargetDependency */,
			);
			name = Example;
			productName = Example;
			productReference = 743F60AE3E8DAC085440A6F7 /* Example.app */;
			productType = "com.apple.product-type.application";
		};
		1231083F4ADE9D9C20D38677 /* LionRenderer2D_tvOS */ = {
			isa = PBXNativeTarget;
			buildConfigurationList = 298BF41873E61502769B27FA /* Build configuration list for PBXNativeTarget "LionRenderer2D_tvOS" */;
			buildPhases = (
				5DF8C24AA3F49218271E8E6B /* [CP] Check Pods Manifest.lock */,
				A26C330382A2F24072EC455A /* Headers */,
				42C312D8E276AAB9ED9E06AD /* Sources */,
				9BA4D1A0C05F75C9B5676BFD /* Frameworks */,
			);
			buildRules = (
			);
			dependencies = (
			);
			name = LionRenderer2D_tvOS;
			productName = LionRenderer2D_tvOS;
			productReference = 28D020022F33B20AF2EB4472 /* LionRenderer2D.framework */;
			productType = "com.apple.product-type.framework";
		};
		7C185F5FA1A346DCB0E78B24 /* LionRenderer2D_watchOS */ = {
			isa = PBXNativeTarget;
			buildConfigurationList = B3A6EBA3260CE17D8ECB6EA5 /* Build configuration list for PBXNativeTarget "LionRenderer2D_watchOS" */;
			buildPhases = (
				F65AFA36F6DFF9A2BBA6AD5B /* [CP] Check Pods Manifest.lock */,
				5E009DFC2F83525295A3173F /* Headers */,
				6EDBE2C21EAB4DB1D6E554B5 /* Sources */,
				95E9EA865AD5D618EAF0FC48 /* Frameworks */,
			);
			buildRules = (
			);
			dependencies = (
			);
			name = LionRenderer2D_watchOS;
			productName = LionRenderer2D_watchOS;
			productReference = B5EDC516F7EC6CC18DB76B59 /* LionRenderer2D.framework */;
			productType = "com.apple.product-type.framework";
		};
		8E62C0948DBA7A1F8F4A50B3 /* LionRenderer2D_iOS */ = {
			isa = PBXNativeTarget;
			buildConfigurationList = B8000C4CA3A5468257022709 /* Build configuration list for PBXNativeTarget "LionRenderer2D_iOS" */;
			buildPhases = (
				FDF208DEDBBF68A60079D8FC /* [CP] Check Pods Manifest.lock */,
				C8E706E131323C570971195D /* Headers */,
				49235FE348278DA89A73B070 /* Sources */,
				70933D2149761153C3E4BED2 /* Frameworks */,
			);
			buildRules = (
			);
			dependencies = (
			);
			name = LionRenderer2D_iOS;
			productName = LionRenderer2D_iOS;
			productReference = AF236D5D6CEB63BF2211EB5A /* LionRenderer2D.framework */;
			productType = "com.apple.product-type.framework";
		};
		B6FDD5C7974BE60EC7A34C91 /* LionRenderer2DTests */ = {
			isa = PBXNativeTarget;
			buildConfigurationList = FFB235B9D907F11252E745E0 /* Build configuration list for PBXNativeTarget "LionRenderer2DTests" */;
			buildPhases = (
				A5F93940BE61D6259A241E03 /* [CP] Check Pods Manifest.lock */,
				706186D5E416997A2FA29729 /* Sources */,
				A452004F387F3209094487D6 /* Frameworks */,
				5C473D2B82DBF832A3791D81 /* Embed Frameworks */,
			);
			buildRules = (
			);
			dependencies = (
				52084BCBA089B262A643863D /* PBXTargetDependency */,
			);
			name = LionRenderer2DTests;
			productName = LionRenderer2DTests;
			productReference = ADC461F430E8A87275098CAB /* LionRenderer2DTests.xctest */;
			productType = "com.apple.product-type.bundle.unit-test";
		};
		E915E69AF4BF1961450498EC /* LionRenderer2D_macOS */ = {
			isa = PBXNativeTarget;
			buildConfigurationList = 68D024180082B33EB21DC9DE /* Build configuration list for PBXNativeTarget "LionRenderer2D_macOS" */;
			buildPhases = (
				E2327E67A667306AED720DC4 /* [CP] Check Pods Manifest.lock */,
				BEB09DF14A7C6052738FFAB3 /* Headers */,
				9213637E02FF563587141FFE /* Sources */,
				7B612C6DB172BF31C23E311C /* Frameworks */,
			);
			buildRules = (
			);
			dependencies = (
			);
			name = LionRenderer2D_macOS;
			productName = LionRenderer2D_macOS;
			productReference = 557E0850B89D47138ED26AF7 /* LionRenderer2D.framework */;
			productType = "com.apple.product-type.framework";
		};
/* End PBXNativeTarget section */

/* Begin PBXProject section */
		D549F2401A05D57DCBA99C6A /* Project object */ = {
			isa = PBXProject;
			attributes = {
				LastUpgradeCheck = 1020;
				ORGANIZATIONNAME = "Lion Software Tomasz Lewandowski";
				TargetAttributes = {
					005EA493CDCA8ACE61FF1A90 = {
						ProvisioningStyle = Manual;
					};
					1231083F4ADE9D9C20D38677 = {
						ProvisioningStyle = Manual;
					};
					7C185F5FA1A346DCB0E78B24 = {
						ProvisioningStyle = Manual;
					};
					8E62C0948DBA7A1F8F4A50B3 = {
						ProvisioningStyle = Manual;
					};
					B6FDD5C7974BE60EC7A34C91 = {
						ProvisioningStyle = Manual;
					};
					E915E69AF4BF1961450498EC = {
						ProvisioningStyle = Manual;
					};
				};
			};
			buildConfigurationList = F036A652802E6D92D8167208 /* Build configuration list for PBXProject "LionRenderer2D" */;
			compatibilityVersion = "Xcode 10.0";
			developmentRegion = en;
			hasScannedForEncodings = 0;
			knownRegions = (
				Base,
			);
			mainGroup = 4B612413EDFA0ED9212A9CBA;
			productRefGroup = 1AF514568227ED5CE043A2D9 /* Products */;
			projectDirPath = "";
			projectRoot = "";
			targets = (
				005EA493CDCA8ACE61FF1A90 /* Example */,
				B6FDD5C7974BE60EC7A34C91 /* LionRenderer2DTests */,
				8E62C0948DBA7A1F8F4A50B3 /* LionRenderer2D_iOS */,
				E915E69AF4BF1961450498EC /* LionRenderer2D_macOS */,
				1231083F4ADE9D9C20D38677 /* LionRenderer2D_tvOS */,
				7C185F5FA1A346DCB0E78B24 /* LionRenderer2D_watchOS */,
			);
		};
/* End PBXProject section */

/* Begin PBXResourcesBuildPhase section */
		A0E85BAD4D7C29DA02E111C0 /* Resources */ = {
			isa = PBXResourcesBuildPhase;
			buildActionMask = 2147483647;
			files = (
				7C6F638D65EA85EF85B533B0 /* Assets.xcassets in Resources */,
				DCE4E9B0E779308F93CFF041 /* Main.storyboard in Resources */,
			);
			runOnlyForDeploymentPostprocessing = 0;
		};
/* End PBXResourcesBuildPhase section */

/* Begin PBXShellScriptBuildPhase section */
		5DF8C24AA3F49218271E8E6B /* [CP] Check Pods Manifest.lock */ = {
			isa = PBXShellScriptBuildPhase;
			buildActionMask = 2147483647;
			files = (
			);
			inputFileListPaths = (
			);
			inputPaths = (
				"${PODS_PODFILE_DIR_PATH}/Podfile.lock",
				"${PODS_ROOT}/Manifest.lock",
			);
			name = "[CP] Check Pods Manifest.lock";
			outputFileListPaths = (
			);
			outputPaths = (
				"$(DERIVED_FILE_DIR)/Pods-LionRenderer2D_tvOS-checkManifestLockResult.txt",
			);
			runOnlyForDeploymentPostprocessing = 0;
			shellPath = /bin/sh;
			shellScript = "diff \"${PODS_PODFILE_DIR_PATH}/Podfile.lock\" \"${PODS_ROOT}/Manifest.lock\" > /dev/null\nif [ $? != 0 ] ; then\n    # print error to STDERR\n    echo \"error: The sandbox is not in sync with the Podfile.lock. Run 'pod install' or update your CocoaPods installation.\" >&2\n    exit 1\nfi\n# This output is used by Xcode 'outputs' to avoid re-running this script phase.\necho \"SUCCESS\" > \"${SCRIPT_OUTPUT_FILE_0}\"\n";
			showEnvVarsInLog = 0;
		};
		73FC5B2305E48CA1B20FF26A /* SwiftLint */ = {
			isa = PBXShellScriptBuildPhase;
			buildActionMask = 2147483647;
			files = (
			);
			inputFileListPaths = (
			);
			inputPaths = (
			);
			name = SwiftLint;
			outputFileListPaths = (
			);
			outputPaths = (
			);
			runOnlyForDeploymentPostprocessing = 0;
			shellPath = /bin/sh;
			shellScript = "\"${PODS_ROOT}/SwiftLint/swiftlint\"\n";
		};
		7F8C431B1F6A36384C5FE8C0 /* [CP] Embed Pods Frameworks */ = {
			isa = PBXShellScriptBuildPhase;
			buildActionMask = 2147483647;
			files = (
			);
			inputFileListPaths = (
				"${PODS_ROOT}/Target Support Files/Pods-Example/Pods-Example-frameworks-${CONFIGURATION}-input-files.xcfilelist",
			);
			name = "[CP] Embed Pods Frameworks";
			outputFileListPaths = (
				"${PODS_ROOT}/Target Support Files/Pods-Example/Pods-Example-frameworks-${CONFIGURATION}-output-files.xcfilelist",
			);
			runOnlyForDeploymentPostprocessing = 0;
			shellPath = /bin/sh;
			shellScript = "\"${PODS_ROOT}/Target Support Files/Pods-Example/Pods-Example-frameworks.sh\"\n";
			showEnvVarsInLog = 0;
		};
		A5F93940BE61D6259A241E03 /* [CP] Check Pods Manifest.lock */ = {
			isa = PBXShellScriptBuildPhase;
			buildActionMask = 2147483647;
			files = (
			);
			inputFileListPaths = (
			);
			inputPaths = (
				"${PODS_PODFILE_DIR_PATH}/Podfile.lock",
				"${PODS_ROOT}/Manifest.lock",
			);
			name = "[CP] Check Pods Manifest.lock";
			outputFileListPaths = (
			);
			outputPaths = (
				"$(DERIVED_FILE_DIR)/Pods-LionRenderer2DTests-checkManifestLockResult.txt",
			);
			runOnlyForDeploymentPostprocessing = 0;
			shellPath = /bin/sh;
			shellScript = "diff \"${PODS_PODFILE_DIR_PATH}/Podfile.lock\" \"${PODS_ROOT}/Manifest.lock\" > /dev/null\nif [ $? != 0 ] ; then\n    # print error to STDERR\n    echo \"error: The sandbox is not in sync with the Podfile.lock. Run 'pod install' or update your CocoaPods installation.\" >&2\n    exit 1\nfi\n# This output is used by Xcode 'outputs' to avoid re-running this script phase.\necho \"SUCCESS\" > \"${SCRIPT_OUTPUT_FILE_0}\"\n";
			showEnvVarsInLog = 0;
		};
		B285CBD9813016B8A347B857 /* [CP] Check Pods Manifest.lock */ = {
			isa = PBXShellScriptBuildPhase;
			buildActionMask = 2147483647;
			files = (
			);
			inputFileListPaths = (
			);
			inputPaths = (
				"${PODS_PODFILE_DIR_PATH}/Podfile.lock",
				"${PODS_ROOT}/Manifest.lock",
			);
			name = "[CP] Check Pods Manifest.lock";
			outputFileListPaths = (
			);
			outputPaths = (
				"$(DERIVED_FILE_DIR)/Pods-Example-checkManifestLockResult.txt",
			);
			runOnlyForDeploymentPostprocessing = 0;
			shellPath = /bin/sh;
			shellScript = "diff \"${PODS_PODFILE_DIR_PATH}/Podfile.lock\" \"${PODS_ROOT}/Manifest.lock\" > /dev/null\nif [ $? != 0 ] ; then\n    # print error to STDERR\n    echo \"error: The sandbox is not in sync with the Podfile.lock. Run 'pod install' or update your CocoaPods installation.\" >&2\n    exit 1\nfi\n# This output is used by Xcode 'outputs' to avoid re-running this script phase.\necho \"SUCCESS\" > \"${SCRIPT_OUTPUT_FILE_0}\"\n";
			showEnvVarsInLog = 0;
		};
		E2327E67A667306AED720DC4 /* [CP] Check Pods Manifest.lock */ = {
			isa = PBXShellScriptBuildPhase;
			buildActionMask = 2147483647;
			files = (
			);
			inputFileListPaths = (
			);
			inputPaths = (
				"${PODS_PODFILE_DIR_PATH}/Podfile.lock",
				"${PODS_ROOT}/Manifest.lock",
			);
			name = "[CP] Check Pods Manifest.lock";
			outputFileListPaths = (
			);
			outputPaths = (
				"$(DERIVED_FILE_DIR)/Pods-LionRenderer2D_macOS-checkManifestLockResult.txt",
			);
			runOnlyForDeploymentPostprocessing = 0;
			shellPath = /bin/sh;
			shellScript = "diff \"${PODS_PODFILE_DIR_PATH}/Podfile.lock\" \"${PODS_ROOT}/Manifest.lock\" > /dev/null\nif [ $? != 0 ] ; then\n    # print error to STDERR\n    echo \"error: The sandbox is not in sync with the Podfile.lock. Run 'pod install' or update your CocoaPods installation.\" >&2\n    exit 1\nfi\n# This output is used by Xcode 'outputs' to avoid re-running this script phase.\necho \"SUCCESS\" > \"${SCRIPT_OUTPUT_FILE_0}\"\n";
			showEnvVarsInLog = 0;
		};
		F65AFA36F6DFF9A2BBA6AD5B /* [CP] Check Pods Manifest.lock */ = {
			isa = PBXShellScriptBuildPhase;
			buildActionMask = 2147483647;
			files = (
			);
			inputFileListPaths = (
			);
			inputPaths = (
				"${PODS_PODFILE_DIR_PATH}/Podfile.lock",
				"${PODS_ROOT}/Manifest.lock",
			);
			name = "[CP] Check Pods Manifest.lock";
			outputFileListPaths = (
			);
			outputPaths = (
				"$(DERIVED_FILE_DIR)/Pods-LionRenderer2D_watchOS-checkManifestLockResult.txt",
			);
			runOnlyForDeploymentPostprocessing = 0;
			shellPath = /bin/sh;
			shellScript = "diff \"${PODS_PODFILE_DIR_PATH}/Podfile.lock\" \"${PODS_ROOT}/Manifest.lock\" > /dev/null\nif [ $? != 0 ] ; then\n    # print error to STDERR\n    echo \"error: The sandbox is not in sync with the Podfile.lock. Run 'pod install' or update your CocoaPods installation.\" >&2\n    exit 1\nfi\n# This output is used by Xcode 'outputs' to avoid re-running this script phase.\necho \"SUCCESS\" > \"${SCRIPT_OUTPUT_FILE_0}\"\n";
			showEnvVarsInLog = 0;
		};
		FDF208DEDBBF68A60079D8FC /* [CP] Check Pods Manifest.lock */ = {
			isa = PBXShellScriptBuildPhase;
			buildActionMask = 2147483647;
			files = (
			);
			inputFileListPaths = (
			);
			inputPaths = (
				"${PODS_PODFILE_DIR_PATH}/Podfile.lock",
				"${PODS_ROOT}/Manifest.lock",
			);
			name = "[CP] Check Pods Manifest.lock";
			outputFileListPaths = (
			);
			outputPaths = (
				"$(DERIVED_FILE_DIR)/Pods-LionRenderer2D_iOS-checkManifestLockResult.txt",
			);
			runOnlyForDeploymentPostprocessing = 0;
			shellPath = /bin/sh;
			shellScript = "diff \"${PODS_PODFILE_DIR_PATH}/Podfile.lock\" \"${PODS_ROOT}/Manifest.lock\" > /dev/null\nif [ $? != 0 ] ; then\n    # print error to STDERR\n    echo \"error: The sandbox is not in sync with the Podfile.lock. Run 'pod install' or update your CocoaPods installation.\" >&2\n    exit 1\nfi\n# This output is used by Xcode 'outputs' to avoid re-running this script phase.\necho \"SUCCESS\" > \"${SCRIPT_OUTPUT_FILE_0}\"\n";
			showEnvVarsInLog = 0;
		};
/* End PBXShellScriptBuildPhase section */

/* Begin PBXSourcesBuildPhase section */
		42C312D8E276AAB9ED9E06AD /* Sources */ = {
			isa = PBXSourcesBuildPhase;
			buildActionMask = 2147483647;
			files = (
				5378FC78D8FD16141F51CFEB /* LayerComponent.swift in Sources */,
				69BBF56F25F59F6B9E153E08 /* MetalRenderer.swift in Sources */,
				686F650E82162E58E0BDED69 /* PRenderer.swift in Sources */,
				347488CA691790ADCE9C8ECF /* RenderComponent.swift in Sources */,
				B330829C76A4FA1BBD178507 /* RenderSystem.swift in Sources */,
				92FE996C7DDE532C73836EC0 /* SpriteKitLayerUpdatingSystem.swift in Sources */,
				85F5D575F37E5348019FFC27 /* SpriteKitRenderer.swift in Sources */,
				536EC6280C0C376FDD9493D4 /* WorldPositionComponent.swift in Sources */,
				616766487E38B89DECABB080 /* WorldRotationComponent.swift in Sources */,
			);
			runOnlyForDeploymentPostprocessing = 0;
		};
		49235FE348278DA89A73B070 /* Sources */ = {
			isa = PBXSourcesBuildPhase;
			buildActionMask = 2147483647;
			files = (
				CBC24CAC6979978E89E61EBB /* LayerComponent.swift in Sources */,
				808FDDFBD20D10FAFC895015 /* MetalRenderer.swift in Sources */,
				79907A9A0BDB519A59F44E10 /* PRenderer.swift in Sources */,
				9FCDA59195087503B62F4F4D /* RenderComponent.swift in Sources */,
				83EB9B007436A92ECAE5AF02 /* RenderSystem.swift in Sources */,
				6307E608C179F2E9BA353D35 /* SpriteKitLayerUpdatingSystem.swift in Sources */,
				E2CCACEC478C03C34E72B976 /* SpriteKitRenderer.swift in Sources */,
				20CD925E8C1A15C57C1916EE /* WorldPositionComponent.swift in Sources */,
				1CF43F7B51F00399AA09AAF6 /* WorldRotationComponent.swift in Sources */,
			);
			runOnlyForDeploymentPostprocessing = 0;
		};
		6EDBE2C21EAB4DB1D6E554B5 /* Sources */ = {
			isa = PBXSourcesBuildPhase;
			buildActionMask = 2147483647;
			files = (
				DCDB5B54095FC4CB78D64F6B /* LayerComponent.swift in Sources */,
				2F7F97947AD33144E100C7AC /* MetalRenderer.swift in Sources */,
				6DEC0241A53B7DBFEE6B9009 /* PRenderer.swift in Sources */,
				F7D2C1769574F4AFC814CAD6 /* RenderComponent.swift in Sources */,
				C41541C07C8241C600791E7F /* RenderSystem.swift in Sources */,
				0F2A79550A491E098C6B7CC5 /* SpriteKitLayerUpdatingSystem.swift in Sources */,
				087CE691B6C7BC94829F5A72 /* SpriteKitRenderer.swift in Sources */,
				3820B6B27BD892FE0AB8B98C /* WorldPositionComponent.swift in Sources */,
				C590D1F683BAF067FD6CCC37 /* WorldRotationComponent.swift in Sources */,
			);
			runOnlyForDeploymentPostprocessing = 0;
		};
		706186D5E416997A2FA29729 /* Sources */ = {
			isa = PBXSourcesBuildPhase;
			buildActionMask = 2147483647;
			files = (
			);
			runOnlyForDeploymentPostprocessing = 0;
		};
		9213637E02FF563587141FFE /* Sources */ = {
			isa = PBXSourcesBuildPhase;
			buildActionMask = 2147483647;
			files = (
				93F3DD90D0BD8E8DB54B52EF /* LayerComponent.swift in Sources */,
				906934933576E0E96EAC08D1 /* MetalRenderer.swift in Sources */,
				F00E64ACFD734E80AD5CCA5A /* PRenderer.swift in Sources */,
				D283E705AC19FA4F28CA8F53 /* RenderComponent.swift in Sources */,
				75E7DD3912AD1786314B7B2C /* RenderSystem.swift in Sources */,
				25239BC03621411178A631F7 /* SpriteKitLayerUpdatingSystem.swift in Sources */,
				F33D64E585F8B191BF4B128E /* SpriteKitRenderer.swift in Sources */,
				1F40000B65B17DE20B5994A6 /* WorldPositionComponent.swift in Sources */,
				1B1D913B436E1CB1A004B466 /* WorldRotationComponent.swift in Sources */,
			);
			runOnlyForDeploymentPostprocessing = 0;
		};
		9878D4A380745DC04D2E7ADB /* Sources */ = {
			isa = PBXSourcesBuildPhase;
			buildActionMask = 2147483647;
			files = (
				279E5BAAB3D359FE102A0F25 /* AppDelegate.swift in Sources */,
				0A41B2D95599126DA7272C40 /* GameMetal.swift in Sources */,
				CB5D57EFEA6EFE488C55449A /* GameSpriteKit.swift in Sources */,
				E1A72FD444F502A4A47FED7B /* MetalGameViewController.swift in Sources */,
				18704504A78C8404602553CD /* SpriteKitGameViewController.swift in Sources */,
				0F14DD301B3719D7DCBC6DEC /* UpdateTransformComponent.swift in Sources */,
				923635941B99B21365E7C2DB /* UpdateTransformSystem.swift in Sources */,
			);
			runOnlyForDeploymentPostprocessing = 0;
		};
/* End PBXSourcesBuildPhase section */

/* Begin PBXTargetDependency section */
		52084BCBA089B262A643863D /* PBXTargetDependency */ = {
			isa = PBXTargetDependency;
			target = E915E69AF4BF1961450498EC /* LionRenderer2D_macOS */;
			targetProxy = 0DF8D30E5D01837F7DC02158 /* PBXContainerItemProxy */;
		};
		52B10BC541502C5736576C91 /* PBXTargetDependency */ = {
			isa = PBXTargetDependency;
			target = E915E69AF4BF1961450498EC /* LionRenderer2D_macOS */;
			targetProxy = 8874EE3D508BE804F4FA7CB4 /* PBXContainerItemProxy */;
		};
/* End PBXTargetDependency section */

/* Begin PBXVariantGroup section */
		661401FF03A1D6624D9A83F0 /* Main.storyboard */ = {
			isa = PBXVariantGroup;
			children = (
				5D5AA7FC913927359996E236 /* Base */,
			);
			name = Main.storyboard;
			sourceTree = "<group>";
		};
/* End PBXVariantGroup section */

/* Begin XCBuildConfiguration section */
		1D6C62A9AC47E6735AB7DEE0 /* Release */ = {
			isa = XCBuildConfiguration;
			baseConfigurationReference = 9D2824B590BB7DF487C1BFED /* Pods-LionRenderer2D_watchOS.release.xcconfig */;
			buildSettings = {
				CODE_SIGN_IDENTITY = "";
				CURRENT_PROJECT_VERSION = 1;
				DEFINES_MODULE = YES;
				DYLIB_COMPATIBILITY_VERSION = 1;
				DYLIB_CURRENT_VERSION = 1;
				DYLIB_INSTALL_NAME_BASE = "@rpath";
				INFOPLIST_FILE = LionRenderer2D/Info.plist;
				INSTALL_PATH = "$(LOCAL_LIBRARY_DIR)/Frameworks";
				PRODUCT_BUNDLE_IDENTIFIER = "$(RENDERER_2D_BUNDLE_IDENTIFIER)";
				PRODUCT_NAME = LionRenderer2D;
				PROVISIONING_PROFILE_SPECIFIER = "$(RENDERER_2D_PROVISIONING_PROFILE_SPECIFIER)";
				SDKROOT = watchos;
				SKIP_INSTALL = YES;
				TARGETED_DEVICE_FAMILY = 4;
			};
			name = Release;
		};
		29376371FC80A73FFF59F3E0 /* Debug */ = {
			isa = XCBuildConfiguration;
			baseConfigurationReference = 94114030B1CB3180C435FF89 /* Pods-LionRenderer2DTests.debug.xcconfig */;
			buildSettings = {
				BUNDLE_LOADER = "$(TEST_HOST)";
				COMBINE_HIDPI_IMAGES = YES;
				LD_RUNPATH_SEARCH_PATHS = (
					"$(inherited)",
					"@executable_path/../Frameworks",
					"@loader_path/../Frameworks",
				);
				PRODUCT_BUNDLE_IDENTIFIER = org.lionsoftware.lionengine.2d.renderer.tests;
				PROVISIONING_PROFILE_SPECIFIER = "";
				SDKROOT = macosx;
			};
			name = Debug;
		};
		2EBADDC7AD666FD5239477E1 /* Debug */ = {
			isa = XCBuildConfiguration;
			baseConfigurationReference = 0C95F7F8EA995DF85671E74E /* Pods-LionRenderer2D_iOS.debug.xcconfig */;
			buildSettings = {
				CODE_SIGN_IDENTITY = "";
				CURRENT_PROJECT_VERSION = 1;
				DEFINES_MODULE = YES;
				DYLIB_COMPATIBILITY_VERSION = 1;
				DYLIB_CURRENT_VERSION = 1;
				DYLIB_INSTALL_NAME_BASE = "@rpath";
				INFOPLIST_FILE = LionRenderer2D/Info.plist;
				INSTALL_PATH = "$(LOCAL_LIBRARY_DIR)/Frameworks";
				LD_RUNPATH_SEARCH_PATHS = (
					"$(inherited)",
					"@executable_path/Frameworks",
				);
				PRODUCT_BUNDLE_IDENTIFIER = "$(RENDERER_2D_BUNDLE_IDENTIFIER)";
				PRODUCT_NAME = LionRenderer2D;
				PROVISIONING_PROFILE_SPECIFIER = "$(RENDERER_2D_PROVISIONING_PROFILE_SPECIFIER)";
				SDKROOT = iphoneos;
				SKIP_INSTALL = YES;
				TARGETED_DEVICE_FAMILY = "1,2";
			};
			name = Debug;
		};
		2F57AFAE04B8BD8F631A3BE5 /* Release */ = {
			isa = XCBuildConfiguration;
			baseConfigurationReference = 22A3B2B40BAE472A8A98FCB9 /* Release.xcconfig */;
			buildSettings = {
				ALWAYS_SEARCH_USER_PATHS = NO;
				CLANG_ANALYZER_NONNULL = YES;
				CLANG_ANALYZER_NUMBER_OBJECT_CONVERSION = YES_AGGRESSIVE;
				CLANG_CXX_LANGUAGE_STANDARD = "gnu++14";
				CLANG_CXX_LIBRARY = "libc++";
				CLANG_ENABLE_MODULES = YES;
				CLANG_ENABLE_OBJC_ARC = YES;
				CLANG_WARN_BLOCK_CAPTURE_AUTORELEASING = YES;
				CLANG_WARN_BOOL_CONVERSION = YES;
				CLANG_WARN_COMMA = YES;
				CLANG_WARN_CONSTANT_CONVERSION = YES;
				CLANG_WARN_DEPRECATED_OBJC_IMPLEMENTATIONS = YES;
				CLANG_WARN_DIRECT_OBJC_ISA_USAGE = YES_ERROR;
				CLANG_WARN_DOCUMENTATION_COMMENTS = YES;
				CLANG_WARN_EMPTY_BODY = YES;
				CLANG_WARN_ENUM_CONVERSION = YES;
				CLANG_WARN_INFINITE_RECURSION = YES;
				CLANG_WARN_INT_CONVERSION = YES;
				CLANG_WARN_NON_LITERAL_NULL_CONVERSION = YES;
				CLANG_WARN_OBJC_IMPLICIT_RETAIN_SELF = YES;
				CLANG_WARN_OBJC_LITERAL_CONVERSION = YES;
				CLANG_WARN_OBJC_ROOT_CLASS = YES_ERROR;
				CLANG_WARN_RANGE_LOOP_ANALYSIS = YES;
				CLANG_WARN_STRICT_PROTOTYPES = YES;
				CLANG_WARN_SUSPICIOUS_MOVE = YES;
				CLANG_WARN_UNGUARDED_AVAILABILITY = YES_AGGRESSIVE;
				CLANG_WARN_UNREACHABLE_CODE = YES;
				CLANG_WARN__DUPLICATE_METHOD_MATCH = YES;
				COPY_PHASE_STRIP = NO;
				ENABLE_NS_ASSERTIONS = NO;
				ENABLE_STRICT_OBJC_MSGSEND = YES;
				GCC_C_LANGUAGE_STANDARD = gnu11;
				GCC_NO_COMMON_BLOCKS = YES;
				GCC_WARN_64_TO_32_BIT_CONVERSION = YES;
				GCC_WARN_ABOUT_RETURN_TYPE = YES_ERROR;
				GCC_WARN_UNDECLARED_SELECTOR = YES;
				GCC_WARN_UNINITIALIZED_AUTOS = YES_AGGRESSIVE;
				GCC_WARN_UNUSED_FUNCTION = YES;
				GCC_WARN_UNUSED_VARIABLE = YES;
				IPHONEOS_DEPLOYMENT_TARGET = 13.0;
				MACOSX_DEPLOYMENT_TARGET = 10.15;
				PRODUCT_NAME = "$(TARGET_NAME)";
				VALIDATE_PRODUCT = YES;
			};
			name = Release;
		};
		476F09FB961DAE29D8DF852C /* Release */ = {
			isa = XCBuildConfiguration;
			baseConfigurationReference = 13B117C1581B7C4441B2592A /* Pods-LionRenderer2D_macOS.release.xcconfig */;
			buildSettings = {
				CODE_SIGN_IDENTITY = "";
				COMBINE_HIDPI_IMAGES = YES;
				CURRENT_PROJECT_VERSION = 1;
				DEFINES_MODULE = YES;
				DYLIB_COMPATIBILITY_VERSION = 1;
				DYLIB_CURRENT_VERSION = 1;
				DYLIB_INSTALL_NAME_BASE = "@rpath";
				INFOPLIST_FILE = LionRenderer2D/Info.plist;
				INSTALL_PATH = "$(LOCAL_LIBRARY_DIR)/Frameworks";
				LD_RUNPATH_SEARCH_PATHS = (
					"$(inherited)",
					"@executable_path/../Frameworks",
				);
				PRODUCT_BUNDLE_IDENTIFIER = "$(RENDERER_2D_BUNDLE_IDENTIFIER)";
				PRODUCT_NAME = LionRenderer2D;
				PROVISIONING_PROFILE_SPECIFIER = "$(RENDERER_2D_PROVISIONING_PROFILE_SPECIFIER)";
				SDKROOT = macosx;
				SKIP_INSTALL = YES;
			};
			name = Release;
		};
		53C95590599C59EE534001C4 /* Debug */ = {
			isa = XCBuildConfiguration;
			baseConfigurationReference = 6BD5B8DFAA2AFEA0E2723C17 /* Debug.xcconfig */;
			buildSettings = {
				ALWAYS_SEARCH_USER_PATHS = NO;
				CLANG_ANALYZER_NONNULL = YES;
				CLANG_ANALYZER_NUMBER_OBJECT_CONVERSION = YES_AGGRESSIVE;
				CLANG_CXX_LANGUAGE_STANDARD = "gnu++14";
				CLANG_CXX_LIBRARY = "libc++";
				CLANG_ENABLE_MODULES = YES;
				CLANG_ENABLE_OBJC_ARC = YES;
				CLANG_WARN_BLOCK_CAPTURE_AUTORELEASING = YES;
				CLANG_WARN_BOOL_CONVERSION = YES;
				CLANG_WARN_COMMA = YES;
				CLANG_WARN_CONSTANT_CONVERSION = YES;
				CLANG_WARN_DEPRECATED_OBJC_IMPLEMENTATIONS = YES;
				CLANG_WARN_DIRECT_OBJC_ISA_USAGE = YES_ERROR;
				CLANG_WARN_DOCUMENTATION_COMMENTS = YES;
				CLANG_WARN_EMPTY_BODY = YES;
				CLANG_WARN_ENUM_CONVERSION = YES;
				CLANG_WARN_INFINITE_RECURSION = YES;
				CLANG_WARN_INT_CONVERSION = YES;
				CLANG_WARN_NON_LITERAL_NULL_CONVERSION = YES;
				CLANG_WARN_OBJC_IMPLICIT_RETAIN_SELF = YES;
				CLANG_WARN_OBJC_LITERAL_CONVERSION = YES;
				CLANG_WARN_OBJC_ROOT_CLASS = YES_ERROR;
				CLANG_WARN_RANGE_LOOP_ANALYSIS = YES;
				CLANG_WARN_STRICT_PROTOTYPES = YES;
				CLANG_WARN_SUSPICIOUS_MOVE = YES;
				CLANG_WARN_UNGUARDED_AVAILABILITY = YES_AGGRESSIVE;
				CLANG_WARN_UNREACHABLE_CODE = YES;
				CLANG_WARN__DUPLICATE_METHOD_MATCH = YES;
				COPY_PHASE_STRIP = NO;
				ENABLE_STRICT_OBJC_MSGSEND = YES;
				ENABLE_TESTABILITY = YES;
				GCC_C_LANGUAGE_STANDARD = gnu11;
				GCC_DYNAMIC_NO_PIC = NO;
				GCC_NO_COMMON_BLOCKS = YES;
				GCC_PREPROCESSOR_DEFINITIONS = (
					"$(inherited)",
					"DEBUG=1",
				);
				GCC_WARN_64_TO_32_BIT_CONVERSION = YES;
				GCC_WARN_ABOUT_RETURN_TYPE = YES_ERROR;
				GCC_WARN_UNDECLARED_SELECTOR = YES;
				GCC_WARN_UNINITIALIZED_AUTOS = YES_AGGRESSIVE;
				GCC_WARN_UNUSED_FUNCTION = YES;
				GCC_WARN_UNUSED_VARIABLE = YES;
				IPHONEOS_DEPLOYMENT_TARGET = 13.0;
				MACOSX_DEPLOYMENT_TARGET = 10.15;
				MTL_ENABLE_DEBUG_INFO = YES;
				ONLY_ACTIVE_ARCH = YES;
				PRODUCT_NAME = "$(TARGET_NAME)";
				SWIFT_ACTIVE_COMPILATION_CONDITIONS = DEBUG;
			};
			name = Debug;
		};
		6B593C23687269E78EACC9D9 /* Debug */ = {
			isa = XCBuildConfiguration;
			baseConfigurationReference = D64063CEEDEEC8C78F8EC40F /* Pods-Example.debug.xcconfig */;
			buildSettings = {
				ASSETCATALOG_COMPILER_APPICON_NAME = AppIcon;
				COMBINE_HIDPI_IMAGES = YES;
				CURRENT_PROJECT_VERSION = 1;
				INFOPLIST_FILE = Example/Info.plist;
				LD_RUNPATH_SEARCH_PATHS = (
					"$(inherited)",
					"@executable_path/../Frameworks",
				);
				PRODUCT_BUNDLE_IDENTIFIER = org.lionsoftware.lionengine.2d.renderer.example;
				PROVISIONING_PROFILE_SPECIFIER = "";
				SDKROOT = macosx;
			};
			name = Debug;
		};
		7171BF9354F1B664A97BA07A /* Debug */ = {
			isa = XCBuildConfiguration;
			baseConfigurationReference = 9504489CD9650B89F7DF0399 /* Pods-LionRenderer2D_tvOS.debug.xcconfig */;
			buildSettings = {
				CODE_SIGN_IDENTITY = "";
				CURRENT_PROJECT_VERSION = 1;
				DEFINES_MODULE = YES;
				DYLIB_COMPATIBILITY_VERSION = 1;
				DYLIB_CURRENT_VERSION = 1;
				DYLIB_INSTALL_NAME_BASE = "@rpath";
				INFOPLIST_FILE = LionRenderer2D/Info.plist;
				INSTALL_PATH = "$(LOCAL_LIBRARY_DIR)/Frameworks";
				LD_RUNPATH_SEARCH_PATHS = (
					"$(inherited)",
					"@executable_path/Frameworks",
				);
				PRODUCT_BUNDLE_IDENTIFIER = "$(RENDERER_2D_BUNDLE_IDENTIFIER)";
				PRODUCT_NAME = LionRenderer2D;
				PROVISIONING_PROFILE_SPECIFIER = "$(RENDERER_2D_PROVISIONING_PROFILE_SPECIFIER)";
				SDKROOT = appletvos;
				SKIP_INSTALL = YES;
				TARGETED_DEVICE_FAMILY = 3;
			};
			name = Debug;
		};
		733FFCDBE8D25FEDE2865C76 /* Release */ = {
			isa = XCBuildConfiguration;
			baseConfigurationReference = 44074C20B69158AAC8B31BD3 /* Pods-Example.release.xcconfig */;
			buildSettings = {
				ASSETCATALOG_COMPILER_APPICON_NAME = AppIcon;
				COMBINE_HIDPI_IMAGES = YES;
				CURRENT_PROJECT_VERSION = 1;
				INFOPLIST_FILE = Example/Info.plist;
				LD_RUNPATH_SEARCH_PATHS = (
					"$(inherited)",
					"@executable_path/../Frameworks",
				);
				PRODUCT_BUNDLE_IDENTIFIER = org.lionsoftware.lionengine.2d.renderer.example;
				PROVISIONING_PROFILE_SPECIFIER = "";
				SDKROOT = macosx;
			};
			name = Release;
		};
		8519C8A30C3793FDA1C4A722 /* Release */ = {
			isa = XCBuildConfiguration;
			baseConfigurationReference = 44EB3F5B8D8DB7566B0AB055 /* Pods-LionRenderer2D_iOS.release.xcconfig */;
			buildSettings = {
				CODE_SIGN_IDENTITY = "";
				CURRENT_PROJECT_VERSION = 1;
				DEFINES_MODULE = YES;
				DYLIB_COMPATIBILITY_VERSION = 1;
				DYLIB_CURRENT_VERSION = 1;
				DYLIB_INSTALL_NAME_BASE = "@rpath";
				INFOPLIST_FILE = LionRenderer2D/Info.plist;
				INSTALL_PATH = "$(LOCAL_LIBRARY_DIR)/Frameworks";
				LD_RUNPATH_SEARCH_PATHS = (
					"$(inherited)",
					"@executable_path/Frameworks",
				);
				PRODUCT_BUNDLE_IDENTIFIER = "$(RENDERER_2D_BUNDLE_IDENTIFIER)";
				PRODUCT_NAME = LionRenderer2D;
				PROVISIONING_PROFILE_SPECIFIER = "$(RENDERER_2D_PROVISIONING_PROFILE_SPECIFIER)";
				SDKROOT = iphoneos;
				SKIP_INSTALL = YES;
				TARGETED_DEVICE_FAMILY = "1,2";
			};
			name = Release;
		};
		9EA7F2593243805C2C898D7C /* Debug */ = {
			isa = XCBuildConfiguration;
			baseConfigurationReference = 89467B1C577A3D957011740E /* Pods-LionRenderer2D_watchOS.debug.xcconfig */;
			buildSettings = {
				CODE_SIGN_IDENTITY = "";
				CURRENT_PROJECT_VERSION = 1;
				DEFINES_MODULE = YES;
				DYLIB_COMPATIBILITY_VERSION = 1;
				DYLIB_CURRENT_VERSION = 1;
				DYLIB_INSTALL_NAME_BASE = "@rpath";
				INFOPLIST_FILE = LionRenderer2D/Info.plist;
				INSTALL_PATH = "$(LOCAL_LIBRARY_DIR)/Frameworks";
				PRODUCT_BUNDLE_IDENTIFIER = "$(RENDERER_2D_BUNDLE_IDENTIFIER)";
				PRODUCT_NAME = LionRenderer2D;
				PROVISIONING_PROFILE_SPECIFIER = "$(RENDERER_2D_PROVISIONING_PROFILE_SPECIFIER)";
				SDKROOT = watchos;
				SKIP_INSTALL = YES;
				TARGETED_DEVICE_FAMILY = 4;
			};
			name = Debug;
		};
		A54FDE51F85F9987587D6578 /* Debug */ = {
			isa = XCBuildConfiguration;
			baseConfigurationReference = D5E8D11E2052D914D86CF683 /* Pods-LionRenderer2D_macOS.debug.xcconfig */;
			buildSettings = {
				CODE_SIGN_IDENTITY = "";
				COMBINE_HIDPI_IMAGES = YES;
				CURRENT_PROJECT_VERSION = 1;
				DEFINES_MODULE = YES;
				DYLIB_COMPATIBILITY_VERSION = 1;
				DYLIB_CURRENT_VERSION = 1;
				DYLIB_INSTALL_NAME_BASE = "@rpath";
				INFOPLIST_FILE = LionRenderer2D/Info.plist;
				INSTALL_PATH = "$(LOCAL_LIBRARY_DIR)/Frameworks";
				LD_RUNPATH_SEARCH_PATHS = (
					"$(inherited)",
					"@executable_path/../Frameworks",
				);
				PRODUCT_BUNDLE_IDENTIFIER = "$(RENDERER_2D_BUNDLE_IDENTIFIER)";
				PRODUCT_NAME = LionRenderer2D;
				PROVISIONING_PROFILE_SPECIFIER = "$(RENDERER_2D_PROVISIONING_PROFILE_SPECIFIER)";
				SDKROOT = macosx;
				SKIP_INSTALL = YES;
			};
			name = Debug;
		};
		C0381BDCF32CE1D311107E9F /* Release */ = {
			isa = XCBuildConfiguration;
			baseConfigurationReference = B5FEFBE481579E7C621B4CCD /* Pods-LionRenderer2DTests.release.xcconfig */;
			buildSettings = {
				BUNDLE_LOADER = "$(TEST_HOST)";
				COMBINE_HIDPI_IMAGES = YES;
				LD_RUNPATH_SEARCH_PATHS = (
					"$(inherited)",
					"@executable_path/../Frameworks",
					"@loader_path/../Frameworks",
				);
				PRODUCT_BUNDLE_IDENTIFIER = org.lionsoftware.lionengine.2d.renderer.tests;
				PROVISIONING_PROFILE_SPECIFIER = "";
				SDKROOT = macosx;
			};
			name = Release;
		};
		D8D3B7E8F6979A8C054FAFE1 /* Release */ = {
			isa = XCBuildConfiguration;
			baseConfigurationReference = D5BFA27036E22ADCE638D3E4 /* Pods-LionRenderer2D_tvOS.release.xcconfig */;
			buildSettings = {
				CODE_SIGN_IDENTITY = "";
				CURRENT_PROJECT_VERSION = 1;
				DEFINES_MODULE = YES;
				DYLIB_COMPATIBILITY_VERSION = 1;
				DYLIB_CURRENT_VERSION = 1;
				DYLIB_INSTALL_NAME_BASE = "@rpath";
				INFOPLIST_FILE = LionRenderer2D/Info.plist;
				INSTALL_PATH = "$(LOCAL_LIBRARY_DIR)/Frameworks";
				LD_RUNPATH_SEARCH_PATHS = (
					"$(inherited)",
					"@executable_path/Frameworks",
				);
				PRODUCT_BUNDLE_IDENTIFIER = "$(RENDERER_2D_BUNDLE_IDENTIFIER)";
				PRODUCT_NAME = LionRenderer2D;
				PROVISIONING_PROFILE_SPECIFIER = "$(RENDERER_2D_PROVISIONING_PROFILE_SPECIFIER)";
				SDKROOT = appletvos;
				SKIP_INSTALL = YES;
				TARGETED_DEVICE_FAMILY = 3;
			};
			name = Release;
		};
/* End XCBuildConfiguration section */

/* Begin XCConfigurationList section */
		298BF41873E61502769B27FA /* Build configuration list for PBXNativeTarget "LionRenderer2D_tvOS" */ = {
			isa = XCConfigurationList;
			buildConfigurations = (
				7171BF9354F1B664A97BA07A /* Debug */,
				D8D3B7E8F6979A8C054FAFE1 /* Release */,
			);
			defaultConfigurationIsVisible = 0;
			defaultConfigurationName = Debug;
		};
		68D024180082B33EB21DC9DE /* Build configuration list for PBXNativeTarget "LionRenderer2D_macOS" */ = {
			isa = XCConfigurationList;
			buildConfigurations = (
				A54FDE51F85F9987587D6578 /* Debug */,
				476F09FB961DAE29D8DF852C /* Release */,
			);
			defaultConfigurationIsVisible = 0;
			defaultConfigurationName = Debug;
		};
		B3A6EBA3260CE17D8ECB6EA5 /* Build configuration list for PBXNativeTarget "LionRenderer2D_watchOS" */ = {
			isa = XCConfigurationList;
			buildConfigurations = (
				9EA7F2593243805C2C898D7C /* Debug */,
				1D6C62A9AC47E6735AB7DEE0 /* Release */,
			);
			defaultConfigurationIsVisible = 0;
			defaultConfigurationName = Debug;
		};
		B8000C4CA3A5468257022709 /* Build configuration list for PBXNativeTarget "LionRenderer2D_iOS" */ = {
			isa = XCConfigurationList;
			buildConfigurations = (
				2EBADDC7AD666FD5239477E1 /* Debug */,
				8519C8A30C3793FDA1C4A722 /* Release */,
			);
			defaultConfigurationIsVisible = 0;
			defaultConfigurationName = Debug;
		};
		F036A652802E6D92D8167208 /* Build configuration list for PBXProject "LionRenderer2D" */ = {
			isa = XCConfigurationList;
			buildConfigurations = (
				53C95590599C59EE534001C4 /* Debug */,
				2F57AFAE04B8BD8F631A3BE5 /* Release */,
			);
			defaultConfigurationIsVisible = 0;
			defaultConfigurationName = Debug;
		};
		F6553A2E0FAACFC9CD81595F /* Build configuration list for PBXNativeTarget "Example" */ = {
			isa = XCConfigurationList;
			buildConfigurations = (
				6B593C23687269E78EACC9D9 /* Debug */,
				733FFCDBE8D25FEDE2865C76 /* Release */,
			);
			defaultConfigurationIsVisible = 0;
			defaultConfigurationName = Debug;
		};
		FFB235B9D907F11252E745E0 /* Build configuration list for PBXNativeTarget "LionRenderer2DTests" */ = {
			isa = XCConfigurationList;
			buildConfigurations = (
				29376371FC80A73FFF59F3E0 /* Debug */,
				C0381BDCF32CE1D311107E9F /* Release */,
			);
			defaultConfigurationIsVisible = 0;
			defaultConfigurationName = Debug;
		};
/* End XCConfigurationList section */
	};
	rootObject = D549F2401A05D57DCBA99C6A /* Project object */;
}
